
Microsoft Visual Studio Solution File, Format Version 12.00
# Visual Studio 15
VisualStudioVersion = 15.0.27130.2020
MinimumVisualStudioVersion = 10.0.40219.1
Project("{FAE04EC0-301F-11D3-BF4B-00C04F79EFBC}") = "BinaryTree", "BinaryTree\BinaryTree.csproj", "{2CFF6D1C-9C7A-4FFD-A279-F9518D0D2A49}"
EndProject
Project("{FAE04EC0-301F-11D3-BF4B-00C04F79EFBC}") = "BinaryTreeTest", "BinaryTreeTest\BinaryTreeTest.csproj", "{F8F02658-0D23-472A-80D6-ECFD8AC27781}"
EndProject
Global
	GlobalSection(SolutionConfigurationPlatforms) = preSolution
		Debug|Any CPU = Debug|Any CPU
		Release|Any CPU = Release|Any CPU
	EndGlobalSection
	GlobalSection(ProjectConfigurationPlatforms) = postSolution
		{2CFF6D1C-9C7A-4FFD-A279-F9518D0D2A49}.Debug|Any CPU.ActiveCfg = Debug|Any CPU
		{2CFF6D1C-9C7A-4FFD-A279-F9518D0D2A49}.Debug|Any CPU.Build.0 = Debug|Any CPU
		{2CFF6D1C-9C7A-4FFD-A279-F9518D0D2A49}.Release|Any CPU.ActiveCfg = Release|Any CPU
		{2CFF6D1C-9C7A-4FFD-A279-F9518D0D2A49}.Release|Any CPU.Build.0 = Release|Any CPU
		{F8F02658-0D23-472A-80D6-ECFD8AC27781}.Debug|Any CPU.ActiveCfg = Debug|Any CPU
		{F8F02658-0D23-472A-80D6-ECFD8AC27781}.Debug|Any CPU.Build.0 = Debug|Any CPU
		{F8F02658-0D23-472A-80D6-ECFD8AC27781}.Release|Any CPU.ActiveCfg = Release|Any CPU
		{F8F02658-0D23-472A-80D6-ECFD8AC27781}.Release|Any CPU.Build.0 = Release|Any CPU
	EndGlobalSection
	GlobalSection(SolutionProperties) = preSolution
		HideSolutionNode = FALSE
	EndGlobalSection
	GlobalSection(ExtensibilityGlobals) = postSolution
		SolutionGuid = {1C00E9E0-A193-4A12-860F-9F1B3660FFB3}
	EndGlobalSection
	GlobalSection(TeamFoundationVersionControl) = preSolution
		SccNumberOfProjects = 3
		SccEnterpriseProvider = {4CA58AB2-18FA-4F8D-95D4-32DDF27D184C}
		SccTeamFoundationServer = https://ngotrung.visualstudio.com/
		SccLocalPath0 = .
		SccProjectUniqueName1 = BinaryTree\\BinaryTree.csproj
		SccProjectName1 = BinaryTree
		SccLocalPath1 = BinaryTree
		SccProjectUniqueName2 = BinaryTreeTest\\BinaryTreeTest.csproj
		SccProjectName2 = BinaryTreeTest
		SccLocalPath2 = BinaryTreeTest
	EndGlobalSection
EndGlobal
